
Microsoft Visual Studio Solution File, Format Version 12.00
# Visual Studio 14
VisualStudioVersion = 14.0.25420.1
MinimumVisualStudioVersion = 10.0.40219.1
Project("{2150E333-8FDC-42A3-9474-1A3956D46DE8}") = "net.desktop", "net.desktop", "{2D6827C6-191D-45E1-BFE1-4438037A19F8}"
EndProject
Project("{D954291E-2A0B-460D-934E-DC6B0785DB48}") = "net.desktop.Shared", "net.desktop\net.desktop.Shared\net.desktop.Shared.shproj", "{E425DBEC-00AD-47DF-8485-BB05990C2510}"
EndProject
Project("{FAE04EC0-301F-11D3-BF4B-00C04F79EFBC}") = "net.desktop.Windows", "net.desktop\net.desktop.Windows\net.desktop.Windows.csproj", "{17DC7FB0-A5BB-4E64-823F-0BE509611683}"
EndProject
Project("{FAE04EC0-301F-11D3-BF4B-00C04F79EFBC}") = "net.desktop.WindowsPhone", "net.desktop\net.desktop.WindowsPhone\net.desktop.WindowsPhone.csproj", "{3791110B-B55D-4F0D-984A-6E81A847E15E}"
EndProject
Global
	GlobalSection(SharedMSBuildProjectFiles) = preSolution
		net.desktop\net.desktop.Shared\net.desktop.Shared.projitems*{17dc7fb0-a5bb-4e64-823f-0be509611683}*SharedItemsImports = 4
		net.desktop\net.desktop.Shared\net.desktop.Shared.projitems*{3791110b-b55d-4f0d-984a-6e81a847e15e}*SharedItemsImports = 4
		net.desktop\net.desktop.Shared\net.desktop.Shared.projitems*{e425dbec-00ad-47df-8485-bb05990c2510}*SharedItemsImports = 13
	EndGlobalSection
	GlobalSection(SolutionConfigurationPlatforms) = preSolution
		Debug|Any CPU = Debug|Any CPU
		Debug|ARM = Debug|ARM
		Debug|x64 = Debug|x64
		Debug|x86 = Debug|x86
		Release|Any CPU = Release|Any CPU
		Release|ARM = Release|ARM
		Release|x64 = Release|x64
		Release|x86 = Release|x86
	EndGlobalSection
	GlobalSection(ProjectConfigurationPlatforms) = postSolution
		{17DC7FB0-A5BB-4E64-823F-0BE509611683}.Debug|Any CPU.ActiveCfg = Debug|Any CPU
		{17DC7FB0-A5BB-4E64-823F-0BE509611683}.Debug|Any CPU.Build.0 = Debug|Any CPU
		{17DC7FB0-A5BB-4E64-823F-0BE509611683}.Debug|Any CPU.Deploy.0 = Debug|Any CPU
		{17DC7FB0-A5BB-4E64-823F-0BE509611683}.Debug|ARM.ActiveCfg = Debug|ARM
		{17DC7FB0-A5BB-4E64-823F-0BE509611683}.Debug|ARM.Build.0 = Debug|ARM
		{17DC7FB0-A5BB-4E64-823F-0BE509611683}.Debug|ARM.Deploy.0 = Debug|ARM
		{17DC7FB0-A5BB-4E64-823F-0BE509611683}.Debug|x64.ActiveCfg = Debug|x64
		{17DC7FB0-A5BB-4E64-823F-0BE509611683}.Debug|x64.Build.0 = Debug|x64
		{17DC7FB0-A5BB-4E64-823F-0BE509611683}.Debug|x64.Deploy.0 = Debug|x64
		{17DC7FB0-A5BB-4E64-823F-0BE509611683}.Debug|x86.ActiveCfg = Debug|x86
		{17DC7FB0-A5BB-4E64-823F-0BE509611683}.Debug|x86.Build.0 = Debug|x86
		{17DC7FB0-A5BB-4E64-823F-0BE509611683}.Debug|x86.Deploy.0 = Debug|x86
		{17DC7FB0-A5BB-4E64-823F-0BE509611683}.Release|Any CPU.ActiveCfg = Release|Any CPU
		{17DC7FB0-A5BB-4E64-823F-0BE509611683}.Release|Any CPU.Build.0 = Release|Any CPU
		{17DC7FB0-A5BB-4E64-823F-0BE509611683}.Release|Any CPU.Deploy.0 = Release|Any CPU
		{17DC7FB0-A5BB-4E64-823F-0BE509611683}.Release|ARM.ActiveCfg = Release|ARM
		{17DC7FB0-A5BB-4E64-823F-0BE509611683}.Release|ARM.Build.0 = Release|ARM
		{17DC7FB0-A5BB-4E64-823F-0BE509611683}.Release|ARM.Deploy.0 = Release|ARM
		{17DC7FB0-A5BB-4E64-823F-0BE509611683}.Release|x64.ActiveCfg = Release|x64
		{17DC7FB0-A5BB-4E64-823F-0BE509611683}.Release|x64.Build.0 = Release|x64
		{17DC7FB0-A5BB-4E64-823F-0BE509611683}.Release|x64.Deploy.0 = Release|x64
		{17DC7FB0-A5BB-4E64-823F-0BE509611683}.Release|x86.ActiveCfg = Release|x86
		{17DC7FB0-A5BB-4E64-823F-0BE509611683}.Release|x86.Build.0 = Release|x86
		{17DC7FB0-A5BB-4E64-823F-0BE509611683}.Release|x86.Deploy.0 = Release|x86
		{3791110B-B55D-4F0D-984A-6E81A847E15E}.Debug|Any CPU.ActiveCfg = Debug|Any CPU
		{3791110B-B55D-4F0D-984A-6E81A847E15E}.Debug|Any CPU.Build.0 = Debug|Any CPU
		{3791110B-B55D-4F0D-984A-6E81A847E15E}.Debug|Any CPU.Deploy.0 = Debug|Any CPU
		{3791110B-B55D-4F0D-984A-6E81A847E15E}.Debug|ARM.ActiveCfg = Debug|ARM
		{3791110B-B55D-4F0D-984A-6E81A847E15E}.Debug|ARM.Build.0 = Debug|ARM
		{3791110B-B55D-4F0D-984A-6E81A847E15E}.Debug|ARM.Deploy.0 = Debug|ARM
		{3791110B-B55D-4F0D-984A-6E81A847E15E}.Debug|x64.ActiveCfg = Debug|Any CPU
		{3791110B-B55D-4F0D-984A-6E81A847E15E}.Debug|x64.Build.0 = Debug|Any CPU
		{3791110B-B55D-4F0D-984A-6E81A847E15E}.Debug|x64.Deploy.0 = Debug|Any CPU
		{3791110B-B55D-4F0D-984A-6E81A847E15E}.Debug|x86.ActiveCfg = Debug|x86
		{3791110B-B55D-4F0D-984A-6E81A847E15E}.Debug|x86.Build.0 = Debug|x86
		{3791110B-B55D-4F0D-984A-6E81A847E15E}.Debug|x86.Deploy.0 = Debug|x86
		{3791110B-B55D-4F0D-984A-6E81A847E15E}.Release|Any CPU.ActiveCfg = Release|Any CPU
		{3791110B-B55D-4F0D-984A-6E81A847E15E}.Release|Any CPU.Build.0 = Release|Any CPU
		{3791110B-B55D-4F0D-984A-6E81A847E15E}.Release|Any CPU.Deploy.0 = Release|Any CPU
		{3791110B-B55D-4F0D-984A-6E81A847E15E}.Release|ARM.ActiveCfg = Release|ARM
		{3791110B-B55D-4F0D-984A-6E81A847E15E}.Release|ARM.Build.0 = Release|ARM
		{3791110B-B55D-4F0D-984A-6E81A847E15E}.Release|ARM.Deploy.0 = Release|ARM
		{3791110B-B55D-4F0D-984A-6E81A847E15E}.Release|x64.ActiveCfg = Release|Any CPU
		{3791110B-B55D-4F0D-984A-6E81A847E15E}.Release|x64.Build.0 = Release|Any CPU
		{3791110B-B55D-4F0D-984A-6E81A847E15E}.Release|x64.Deploy.0 = Release|Any CPU
		{3791110B-B55D-4F0D-984A-6E81A847E15E}.Release|x86.ActiveCfg = Release|x86
		{3791110B-B55D-4F0D-984A-6E81A847E15E}.Release|x86.Build.0 = Release|x86
		{3791110B-B55D-4F0D-984A-6E81A847E15E}.Release|x86.Deploy.0 = Release|x86
	EndGlobalSection
	GlobalSection(SolutionProperties) = preSolution
		HideSolutionNode = FALSE
	EndGlobalSection
	GlobalSection(NestedProjects) = preSolution
		{E425DBEC-00AD-47DF-8485-BB05990C2510} = {2D6827C6-191D-45E1-BFE1-4438037A19F8}
		{17DC7FB0-A5BB-4E64-823F-0BE509611683} = {2D6827C6-191D-45E1-BFE1-4438037A19F8}
		{3791110B-B55D-4F0D-984A-6E81A847E15E} = {2D6827C6-191D-45E1-BFE1-4438037A19F8}
	EndGlobalSection
EndGlobal
